// !$*UTF8*$!
{
	archiveVersion = 1;
	classes = {
	};
	objectVersion = 46;
	objects = {

/* Begin PBXBuildFile section */
		E233801017A1858B004DDAC7 /* SPAnimation.cpp in Sources */ = {isa = PBXBuildFile; fileRef = E2337F9917A1858B004DDAC7 /* SPAnimation.cpp */; };
		E233801117A1858B004DDAC7 /* SPProcessBase.cpp in Sources */ = {isa = PBXBuildFile; fileRef = E2337F9B17A1858B004DDAC7 /* SPProcessBase.cpp */; };
		E233801217A1858B004DDAC7 /* SPTween.cpp in Sources */ = {isa = PBXBuildFile; fileRef = E2337F9D17A1858B004DDAC7 /* SPTween.cpp */; };
		E233801317A1858B004DDAC7 /* SPArmatureDisplayData.cpp in Sources */ = {isa = PBXBuildFile; fileRef = E2337FA117A1858B004DDAC7 /* SPArmatureDisplayData.cpp */; };
		E233801417A1858B004DDAC7 /* SPDisplayData.cpp in Sources */ = {isa = PBXBuildFile; fileRef = E2337FA317A1858B004DDAC7 /* SPDisplayData.cpp */; };
		E233801517A1858B004DDAC7 /* SPParticleDisplayData.cpp in Sources */ = {isa = PBXBuildFile; fileRef = E2337FA517A1858B004DDAC7 /* SPParticleDisplayData.cpp */; };
		E233801617A1858B004DDAC7 /* SPShaderDisplayData.cpp in Sources */ = {isa = PBXBuildFile; fileRef = E2337FA717A1858B004DDAC7 /* SPShaderDisplayData.cpp */; };
		E233801717A1858B004DDAC7 /* SPSpriteDisplayData.cpp in Sources */ = {isa = PBXBuildFile; fileRef = E2337FA917A1858B004DDAC7 /* SPSpriteDisplayData.cpp */; };
		E233801817A1858B004DDAC7 /* SPAnimationData.cpp in Sources */ = {isa = PBXBuildFile; fileRef = E2337FAB17A1858B004DDAC7 /* SPAnimationData.cpp */; };
		E233801917A1858B004DDAC7 /* SPArmatureData.cpp in Sources */ = {isa = PBXBuildFile; fileRef = E2337FAD17A1858B004DDAC7 /* SPArmatureData.cpp */; };
		E233801A17A1858B004DDAC7 /* SPBoneData.cpp in Sources */ = {isa = PBXBuildFile; fileRef = E2337FAF17A1858B004DDAC7 /* SPBoneData.cpp */; };
		E233801B17A1858B004DDAC7 /* SPContourData.cpp in Sources */ = {isa = PBXBuildFile; fileRef = E2337FB117A1858B004DDAC7 /* SPContourData.cpp */; };
		E233801C17A1858B004DDAC7 /* SPFrameData.cpp in Sources */ = {isa = PBXBuildFile; fileRef = E2337FB317A1858B004DDAC7 /* SPFrameData.cpp */; };
		E233801D17A1858B004DDAC7 /* SPJsonData.cpp in Sources */ = {isa = PBXBuildFile; fileRef = E2337FB517A1858B004DDAC7 /* SPJsonData.cpp */; };
		E233801E17A1858B004DDAC7 /* SPMovementBoneData.cpp in Sources */ = {isa = PBXBuildFile; fileRef = E2337FB717A1858B004DDAC7 /* SPMovementBoneData.cpp */; };
		E233801F17A1858B004DDAC7 /* SPMovementData.cpp in Sources */ = {isa = PBXBuildFile; fileRef = E2337FB917A1858B004DDAC7 /* SPMovementData.cpp */; };
		E233802017A1858B004DDAC7 /* SPMovementFrameData.cpp in Sources */ = {isa = PBXBuildFile; fileRef = E2337FBB17A1858B004DDAC7 /* SPMovementFrameData.cpp */; };
		E233802117A1858B004DDAC7 /* SPNode.cpp in Sources */ = {isa = PBXBuildFile; fileRef = E2337FBD17A1858B004DDAC7 /* SPNode.cpp */; };
		E233802217A1858B004DDAC7 /* SPTextureData.cpp in Sources */ = {isa = PBXBuildFile; fileRef = E2337FBF17A1858B004DDAC7 /* SPTextureData.cpp */; };
		E233802317A1858B004DDAC7 /* CCTexture2DMutable.cpp in Sources */ = {isa = PBXBuildFile; fileRef = E2337FC217A1858B004DDAC7 /* CCTexture2DMutable.cpp */; };
		E233802417A1858B004DDAC7 /* SPArmatureDisplayFactory.cpp in Sources */ = {isa = PBXBuildFile; fileRef = E2337FC517A1858B004DDAC7 /* SPArmatureDisplayFactory.cpp */; };
		E233802517A1858B004DDAC7 /* SPDisplayFactory.cpp in Sources */ = {isa = PBXBuildFile; fileRef = E2337FC717A1858B004DDAC7 /* SPDisplayFactory.cpp */; };
		E233802617A1858B004DDAC7 /* SPDisplayFactoryManager.cpp in Sources */ = {isa = PBXBuildFile; fileRef = E2337FC917A1858B004DDAC7 /* SPDisplayFactoryManager.cpp */; };
		E233802717A1858B004DDAC7 /* SPParticleDisplayFactory.cpp in Sources */ = {isa = PBXBuildFile; fileRef = E2337FCB17A1858B004DDAC7 /* SPParticleDisplayFactory.cpp */; };
		E233802817A1858B004DDAC7 /* SPShaderDisplayFactory.cpp in Sources */ = {isa = PBXBuildFile; fileRef = E2337FCD17A1858B004DDAC7 /* SPShaderDisplayFactory.cpp */; };
		E233802917A1858B004DDAC7 /* SPSpriteDisplayFactory.cpp in Sources */ = {isa = PBXBuildFile; fileRef = E2337FCF17A1858B004DDAC7 /* SPSpriteDisplayFactory.cpp */; };
		E233802A17A1858B004DDAC7 /* SPContourPoints.cpp in Sources */ = {isa = PBXBuildFile; fileRef = E2337FD117A1858B004DDAC7 /* SPContourPoints.cpp */; };
		E233802B17A1858B004DDAC7 /* SPContourSprite.cpp in Sources */ = {isa = PBXBuildFile; fileRef = E2337FD317A1858B004DDAC7 /* SPContourSprite.cpp */; };
		E233802C17A1858B004DDAC7 /* SPDecorativeDisplay.cpp in Sources */ = {isa = PBXBuildFile; fileRef = E2337FD517A1858B004DDAC7 /* SPDecorativeDisplay.cpp */; };
		E233802D17A1858B004DDAC7 /* SPDisplayManager.cpp in Sources */ = {isa = PBXBuildFile; fileRef = E2337FD717A1858B004DDAC7 /* SPDisplayManager.cpp */; };
		E233802E17A1858B004DDAC7 /* SPShaderNode.cpp in Sources */ = {isa = PBXBuildFile; fileRef = E2337FD917A1858B004DDAC7 /* SPShaderNode.cpp */; };
		E233802F17A1858B004DDAC7 /* json_internalarray.inl in Resources */ = {isa = PBXBuildFile; fileRef = E2337FE817A1858B004DDAC7 /* json_internalarray.inl */; };
		E233803017A1858B004DDAC7 /* json_internalmap.inl in Resources */ = {isa = PBXBuildFile; fileRef = E2337FE917A1858B004DDAC7 /* json_internalmap.inl */; };
		E233803117A1858B004DDAC7 /* json_reader.cpp in Sources */ = {isa = PBXBuildFile; fileRef = E2337FEA17A1858B004DDAC7 /* json_reader.cpp */; };
		E233803217A1858B004DDAC7 /* json_value.cpp in Sources */ = {isa = PBXBuildFile; fileRef = E2337FEC17A1858B004DDAC7 /* json_value.cpp */; };
		E233803317A1858B004DDAC7 /* json_valueiterator.inl in Resources */ = {isa = PBXBuildFile; fileRef = E2337FED17A1858B004DDAC7 /* json_valueiterator.inl */; };
		E233803417A1858B004DDAC7 /* json_writer.cpp in Sources */ = {isa = PBXBuildFile; fileRef = E2337FEE17A1858B004DDAC7 /* json_writer.cpp */; };
		E233803517A1858B004DDAC7 /* sconscript in Resources */ = {isa = PBXBuildFile; fileRef = E2337FEF17A1858B004DDAC7 /* sconscript */; };
		E233803617A1858B004DDAC7 /* SPContentJsonDictionary.cpp in Sources */ = {isa = PBXBuildFile; fileRef = E2337FF017A1858B004DDAC7 /* SPContentJsonDictionary.cpp */; };
		E233803717A1858B004DDAC7 /* SPArmature.cpp in Sources */ = {isa = PBXBuildFile; fileRef = E2337FF317A1858B004DDAC7 /* SPArmature.cpp */; };
		E233803817A1858B004DDAC7 /* SPBone.cpp in Sources */ = {isa = PBXBuildFile; fileRef = E2337FF517A1858B004DDAC7 /* SPBone.cpp */; };
		E233803917A1858B004DDAC7 /* SPArmatureDataManager.cpp in Sources */ = {isa = PBXBuildFile; fileRef = E2337FF817A1858B004DDAC7 /* SPArmatureDataManager.cpp */; };
		E233803A17A1858B004DDAC7 /* SPBatchNode.cpp in Sources */ = {isa = PBXBuildFile; fileRef = E2337FFB17A1858B004DDAC7 /* SPBatchNode.cpp */; };
		E233803B17A1858B004DDAC7 /* SPBatchNodeManager.cpp in Sources */ = {isa = PBXBuildFile; fileRef = E2337FFD17A1858B004DDAC7 /* SPBatchNodeManager.cpp */; };
		E233803C17A1858B004DDAC7 /* SPDataReaderHelper.cpp in Sources */ = {isa = PBXBuildFile; fileRef = E233800017A1858B004DDAC7 /* SPDataReaderHelper.cpp */; };
		E233803D17A1858B004DDAC7 /* SPTransformHelp.cpp in Sources */ = {isa = PBXBuildFile; fileRef = E233800217A1858B004DDAC7 /* SPTransformHelp.cpp */; };
		E233803E17A1858B004DDAC7 /* SPTweenFunction.cpp in Sources */ = {isa = PBXBuildFile; fileRef = E233800417A1858B004DDAC7 /* SPTweenFunction.cpp */; };
		E233803F17A1858B004DDAC7 /* SPUtilMath.cpp in Sources */ = {isa = PBXBuildFile; fileRef = E233800617A1858B004DDAC7 /* SPUtilMath.cpp */; };
		E233804017A1858B004DDAC7 /* tinystr.cpp in Sources */ = {isa = PBXBuildFile; fileRef = E233800917A1858B004DDAC7 /* tinystr.cpp */; };
		E233804117A1858B004DDAC7 /* tinyxml.cpp in Sources */ = {isa = PBXBuildFile; fileRef = E233800B17A1858B004DDAC7 /* tinyxml.cpp */; };
		E233804217A1858B004DDAC7 /* tinyxml.suo in Resources */ = {isa = PBXBuildFile; fileRef = E233800D17A1858B004DDAC7 /* tinyxml.suo */; };
		E233804317A1858B004DDAC7 /* tinyxmlerror.cpp in Sources */ = {isa = PBXBuildFile; fileRef = E233800E17A1858B004DDAC7 /* tinyxmlerror.cpp */; };
		E233804417A1858B004DDAC7 /* tinyxmlparser.cpp in Sources */ = {isa = PBXBuildFile; fileRef = E233800F17A1858B004DDAC7 /* tinyxmlparser.cpp */; };
		E25F8FB417A1F4240068B034 /* TSPAnimation.cpp in Sources */ = {isa = PBXBuildFile; fileRef = E25F8FAF17A1F4240068B034 /* TSPAnimation.cpp */; };
		E25F8FB917A1F80D0068B034 /* TSPAnimationLoader.cpp in Sources */ = {isa = PBXBuildFile; fileRef = E25F8FB717A1F80D0068B034 /* TSPAnimationLoader.cpp */; };
		F4323CF716D3298E0072B773 /* libquickcocos2dx.a in Frameworks */ = {isa = PBXBuildFile; fileRef = F48F590816D21F8C000651BE /* libquickcocos2dx.a */; };
		F4482F2116A0555000FDDDAD /* Default-568h@2x.png in Resources */ = {isa = PBXBuildFile; fileRef = F4482F1A16A0555000FDDDAD /* Default-568h@2x.png */; };
		F4482F2216A0555000FDDDAD /* Default.png in Resources */ = {isa = PBXBuildFile; fileRef = F4482F1B16A0555000FDDDAD /* Default.png */; };
		F4482F2316A0555000FDDDAD /* Default@2x.png in Resources */ = {isa = PBXBuildFile; fileRef = F4482F1C16A0555000FDDDAD /* Default@2x.png */; };
		F4482F2416A0555000FDDDAD /* Icon-72.png in Resources */ = {isa = PBXBuildFile; fileRef = F4482F1D16A0555000FDDDAD /* Icon-72.png */; };
		F4482F2516A0555000FDDDAD /* Icon.png in Resources */ = {isa = PBXBuildFile; fileRef = F4482F1E16A0555000FDDDAD /* Icon.png */; };
		F4482F2616A0555000FDDDAD /* Icon@2x.png in Resources */ = {isa = PBXBuildFile; fileRef = F4482F1F16A0555000FDDDAD /* Icon@2x.png */; };
		F452BFC51687EEF900DC5BCC /* CoreText.framework in Frameworks */ = {isa = PBXBuildFile; fileRef = F452BFC41687EEF900DC5BCC /* CoreText.framework */; };
		F452BFD01687F0F200DC5BCC /* UIKit.framework in Frameworks */ = {isa = PBXBuildFile; fileRef = F452BFCF1687F0F200DC5BCC /* UIKit.framework */; };
		F456ECC615EE018E00FCF3E2 /* QuartzCore.framework in Frameworks */ = {isa = PBXBuildFile; fileRef = F456ECC515EE018E00FCF3E2 /* QuartzCore.framework */; };
		F456ECC815EE018E00FCF3E2 /* OpenGLES.framework in Frameworks */ = {isa = PBXBuildFile; fileRef = F456ECC715EE018E00FCF3E2 /* OpenGLES.framework */; };
		F456ECCA15EE018E00FCF3E2 /* OpenAL.framework in Frameworks */ = {isa = PBXBuildFile; fileRef = F456ECC915EE018E00FCF3E2 /* OpenAL.framework */; };
		F456ECCC15EE018E00FCF3E2 /* AudioToolbox.framework in Frameworks */ = {isa = PBXBuildFile; fileRef = F456ECCB15EE018E00FCF3E2 /* AudioToolbox.framework */; };
		F456ECCE15EE018E00FCF3E2 /* AVFoundation.framework in Frameworks */ = {isa = PBXBuildFile; fileRef = F456ECCD15EE018E00FCF3E2 /* AVFoundation.framework */; };
		F456ECD215EE018E00FCF3E2 /* Foundation.framework in Frameworks */ = {isa = PBXBuildFile; fileRef = F456ECD115EE018E00FCF3E2 /* Foundation.framework */; };
		F456ECD415EE018E00FCF3E2 /* CoreGraphics.framework in Frameworks */ = {isa = PBXBuildFile; fileRef = F456ECD315EE018E00FCF3E2 /* CoreGraphics.framework */; };
		F456F0F915EE0CDB00FCF3E2 /* CFNetwork.framework in Frameworks */ = {isa = PBXBuildFile; fileRef = F456F0F815EE0CDB00FCF3E2 /* CFNetwork.framework */; };
		F456F0FD15EE0CF600FCF3E2 /* SystemConfiguration.framework in Frameworks */ = {isa = PBXBuildFile; fileRef = F456F0FC15EE0CF600FCF3E2 /* SystemConfiguration.framework */; };
		F456F10515EE0D2D00FCF3E2 /* MobileCoreServices.framework in Frameworks */ = {isa = PBXBuildFile; fileRef = F456F10415EE0D2D00FCF3E2 /* MobileCoreServices.framework */; };
		F4730C1E16C1509700280298 /* res in Resources */ = {isa = PBXBuildFile; fileRef = F4730C1C16C1509700280298 /* res */; };
		F4730C1F16C1509700280298 /* scripts in Resources */ = {isa = PBXBuildFile; fileRef = F4730C1D16C1509700280298 /* scripts */; };
		F4949C791699553B00DB561E /* AddressBook.framework in Frameworks */ = {isa = PBXBuildFile; fileRef = F4949C781699553B00DB561E /* AddressBook.framework */; };
		F4949C7B1699554600DB561E /* CoreTelephony.framework in Frameworks */ = {isa = PBXBuildFile; fileRef = F4949C7A1699554600DB561E /* CoreTelephony.framework */; settings = {ATTRIBUTES = (Weak, ); }; };
		F4D26BCC16C7D0D2004442B6 /* AppController.mm in Sources */ = {isa = PBXBuildFile; fileRef = F4D26BC816C7D0D2004442B6 /* AppController.mm */; };
		F4D26BCD16C7D0D2004442B6 /* main.m in Sources */ = {isa = PBXBuildFile; fileRef = F4D26BC916C7D0D2004442B6 /* main.m */; };
		F4D26BCE16C7D0D2004442B6 /* RootViewController.mm in Sources */ = {isa = PBXBuildFile; fileRef = F4D26BCB16C7D0D2004442B6 /* RootViewController.mm */; };
		F4E50FE516CF7B6500AA7E90 /* AppDelegate.cpp in Sources */ = {isa = PBXBuildFile; fileRef = F4E50FE316CF7B6500AA7E90 /* AppDelegate.cpp */; };
		F4F40D1B16573CE0007937AD /* StoreKit.framework in Frameworks */ = {isa = PBXBuildFile; fileRef = F4F40D1A16573CE0007937AD /* StoreKit.framework */; };
/* End PBXBuildFile section */

/* Begin PBXContainerItemProxy section */
		F48F590716D21F8C000651BE /* PBXContainerItemProxy */ = {
			isa = PBXContainerItemProxy;
			containerPortal = F4499C7116C7CDE20059FF37 /* quickcocos2dx.xcodeproj */;
			proxyType = 2;
			remoteGlobalIDString = F45A2B9D166B07B600760194;
			remoteInfo = quickcocos2dx;
		};
/* End PBXContainerItemProxy section */

/* Begin PBXFileReference section */
		E2337F9917A1858B004DDAC7 /* SPAnimation.cpp */ = {isa = PBXFileReference; fileEncoding = 4; lastKnownFileType = sourcecode.cpp.cpp; path = SPAnimation.cpp; sourceTree = "<group>"; };
		E2337F9A17A1858B004DDAC7 /* SPAnimation.h */ = {isa = PBXFileReference; fileEncoding = 4; lastKnownFileType = sourcecode.c.h; path = SPAnimation.h; sourceTree = "<group>"; };
		E2337F9B17A1858B004DDAC7 /* SPProcessBase.cpp */ = {isa = PBXFileReference; fileEncoding = 4; lastKnownFileType = sourcecode.cpp.cpp; path = SPProcessBase.cpp; sourceTree = "<group>"; };
		E2337F9C17A1858B004DDAC7 /* SPProcessBase.h */ = {isa = PBXFileReference; fileEncoding = 4; lastKnownFileType = sourcecode.c.h; path = SPProcessBase.h; sourceTree = "<group>"; };
		E2337F9D17A1858B004DDAC7 /* SPTween.cpp */ = {isa = PBXFileReference; fileEncoding = 4; lastKnownFileType = sourcecode.cpp.cpp; path = SPTween.cpp; sourceTree = "<group>"; };
		E2337F9E17A1858B004DDAC7 /* SPTween.h */ = {isa = PBXFileReference; fileEncoding = 4; lastKnownFileType = sourcecode.c.h; path = SPTween.h; sourceTree = "<group>"; };
		E2337FA117A1858B004DDAC7 /* SPArmatureDisplayData.cpp */ = {isa = PBXFileReference; fileEncoding = 4; lastKnownFileType = sourcecode.cpp.cpp; path = SPArmatureDisplayData.cpp; sourceTree = "<group>"; };
		E2337FA217A1858B004DDAC7 /* SPArmatureDisplayData.h */ = {isa = PBXFileReference; fileEncoding = 4; lastKnownFileType = sourcecode.c.h; path = SPArmatureDisplayData.h; sourceTree = "<group>"; };
		E2337FA317A1858B004DDAC7 /* SPDisplayData.cpp */ = {isa = PBXFileReference; fileEncoding = 4; lastKnownFileType = sourcecode.cpp.cpp; path = SPDisplayData.cpp; sourceTree = "<group>"; };
		E2337FA417A1858B004DDAC7 /* SPDisplayData.h */ = {isa = PBXFileReference; fileEncoding = 4; lastKnownFileType = sourcecode.c.h; path = SPDisplayData.h; sourceTree = "<group>"; };
		E2337FA517A1858B004DDAC7 /* SPParticleDisplayData.cpp */ = {isa = PBXFileReference; fileEncoding = 4; lastKnownFileType = sourcecode.cpp.cpp; path = SPParticleDisplayData.cpp; sourceTree = "<group>"; };
		E2337FA617A1858B004DDAC7 /* SPParticleDisplayData.h */ = {isa = PBXFileReference; fileEncoding = 4; lastKnownFileType = sourcecode.c.h; path = SPParticleDisplayData.h; sourceTree = "<group>"; };
		E2337FA717A1858B004DDAC7 /* SPShaderDisplayData.cpp */ = {isa = PBXFileReference; fileEncoding = 4; lastKnownFileType = sourcecode.cpp.cpp; path = SPShaderDisplayData.cpp; sourceTree = "<group>"; };
		E2337FA817A1858B004DDAC7 /* SPShaderDisplayData.h */ = {isa = PBXFileReference; fileEncoding = 4; lastKnownFileType = sourcecode.c.h; path = SPShaderDisplayData.h; sourceTree = "<group>"; };
		E2337FA917A1858B004DDAC7 /* SPSpriteDisplayData.cpp */ = {isa = PBXFileReference; fileEncoding = 4; lastKnownFileType = sourcecode.cpp.cpp; path = SPSpriteDisplayData.cpp; sourceTree = "<group>"; };
		E2337FAA17A1858B004DDAC7 /* SPSpriteDisplayData.h */ = {isa = PBXFileReference; fileEncoding = 4; lastKnownFileType = sourcecode.c.h; path = SPSpriteDisplayData.h; sourceTree = "<group>"; };
		E2337FAB17A1858B004DDAC7 /* SPAnimationData.cpp */ = {isa = PBXFileReference; fileEncoding = 4; lastKnownFileType = sourcecode.cpp.cpp; path = SPAnimationData.cpp; sourceTree = "<group>"; };
		E2337FAC17A1858B004DDAC7 /* SPAnimationData.h */ = {isa = PBXFileReference; fileEncoding = 4; lastKnownFileType = sourcecode.c.h; path = SPAnimationData.h; sourceTree = "<group>"; };
		E2337FAD17A1858B004DDAC7 /* SPArmatureData.cpp */ = {isa = PBXFileReference; fileEncoding = 4; lastKnownFileType = sourcecode.cpp.cpp; path = SPArmatureData.cpp; sourceTree = "<group>"; };
		E2337FAE17A1858B004DDAC7 /* SPArmatureData.h */ = {isa = PBXFileReference; fileEncoding = 4; lastKnownFileType = sourcecode.c.h; path = SPArmatureData.h; sourceTree = "<group>"; };
		E2337FAF17A1858B004DDAC7 /* SPBoneData.cpp */ = {isa = PBXFileReference; fileEncoding = 4; lastKnownFileType = sourcecode.cpp.cpp; path = SPBoneData.cpp; sourceTree = "<group>"; };
		E2337FB017A1858B004DDAC7 /* SPBoneData.h */ = {isa = PBXFileReference; fileEncoding = 4; lastKnownFileType = sourcecode.c.h; path = SPBoneData.h; sourceTree = "<group>"; };
		E2337FB117A1858B004DDAC7 /* SPContourData.cpp */ = {isa = PBXFileReference; fileEncoding = 4; lastKnownFileType = sourcecode.cpp.cpp; path = SPContourData.cpp; sourceTree = "<group>"; };
		E2337FB217A1858B004DDAC7 /* SPContourData.h */ = {isa = PBXFileReference; fileEncoding = 4; lastKnownFileType = sourcecode.c.h; path = SPContourData.h; sourceTree = "<group>"; };
		E2337FB317A1858B004DDAC7 /* SPFrameData.cpp */ = {isa = PBXFileReference; fileEncoding = 4; lastKnownFileType = sourcecode.cpp.cpp; path = SPFrameData.cpp; sourceTree = "<group>"; };
		E2337FB417A1858B004DDAC7 /* SPFrameData.h */ = {isa = PBXFileReference; fileEncoding = 4; lastKnownFileType = sourcecode.c.h; path = SPFrameData.h; sourceTree = "<group>"; };
		E2337FB517A1858B004DDAC7 /* SPJsonData.cpp */ = {isa = PBXFileReference; fileEncoding = 4; lastKnownFileType = sourcecode.cpp.cpp; path = SPJsonData.cpp; sourceTree = "<group>"; };
		E2337FB617A1858B004DDAC7 /* SPJsonData.h */ = {isa = PBXFileReference; fileEncoding = 4; lastKnownFileType = sourcecode.c.h; path = SPJsonData.h; sourceTree = "<group>"; };
		E2337FB717A1858B004DDAC7 /* SPMovementBoneData.cpp */ = {isa = PBXFileReference; fileEncoding = 4; lastKnownFileType = sourcecode.cpp.cpp; path = SPMovementBoneData.cpp; sourceTree = "<group>"; };
		E2337FB817A1858B004DDAC7 /* SPMovementBoneData.h */ = {isa = PBXFileReference; fileEncoding = 4; lastKnownFileType = sourcecode.c.h; path = SPMovementBoneData.h; sourceTree = "<group>"; };
		E2337FB917A1858B004DDAC7 /* SPMovementData.cpp */ = {isa = PBXFileReference; fileEncoding = 4; lastKnownFileType = sourcecode.cpp.cpp; path = SPMovementData.cpp; sourceTree = "<group>"; };
		E2337FBA17A1858B004DDAC7 /* SPMovementData.h */ = {isa = PBXFileReference; fileEncoding = 4; lastKnownFileType = sourcecode.c.h; path = SPMovementData.h; sourceTree = "<group>"; };
		E2337FBB17A1858B004DDAC7 /* SPMovementFrameData.cpp */ = {isa = PBXFileReference; fileEncoding = 4; lastKnownFileType = sourcecode.cpp.cpp; path = SPMovementFrameData.cpp; sourceTree = "<group>"; };
		E2337FBC17A1858B004DDAC7 /* SPMovementFrameData.h */ = {isa = PBXFileReference; fileEncoding = 4; lastKnownFileType = sourcecode.c.h; path = SPMovementFrameData.h; sourceTree = "<group>"; };
		E2337FBD17A1858B004DDAC7 /* SPNode.cpp */ = {isa = PBXFileReference; fileEncoding = 4; lastKnownFileType = sourcecode.cpp.cpp; path = SPNode.cpp; sourceTree = "<group>"; };
		E2337FBE17A1858B004DDAC7 /* SPNode.h */ = {isa = PBXFileReference; fileEncoding = 4; lastKnownFileType = sourcecode.c.h; path = SPNode.h; sourceTree = "<group>"; };
		E2337FBF17A1858B004DDAC7 /* SPTextureData.cpp */ = {isa = PBXFileReference; fileEncoding = 4; lastKnownFileType = sourcecode.cpp.cpp; path = SPTextureData.cpp; sourceTree = "<group>"; };
		E2337FC017A1858B004DDAC7 /* SPTextureData.h */ = {isa = PBXFileReference; fileEncoding = 4; lastKnownFileType = sourcecode.c.h; path = SPTextureData.h; sourceTree = "<group>"; };
		E2337FC217A1858B004DDAC7 /* CCTexture2DMutable.cpp */ = {isa = PBXFileReference; fileEncoding = 4; lastKnownFileType = sourcecode.cpp.cpp; path = CCTexture2DMutable.cpp; sourceTree = "<group>"; };
		E2337FC317A1858B004DDAC7 /* CCTexture2DMutable.h */ = {isa = PBXFileReference; fileEncoding = 4; lastKnownFileType = sourcecode.c.h; path = CCTexture2DMutable.h; sourceTree = "<group>"; };
		E2337FC517A1858B004DDAC7 /* SPArmatureDisplayFactory.cpp */ = {isa = PBXFileReference; fileEncoding = 4; lastKnownFileType = sourcecode.cpp.cpp; path = SPArmatureDisplayFactory.cpp; sourceTree = "<group>"; };
		E2337FC617A1858B004DDAC7 /* SPArmatureDisplayFactory.h */ = {isa = PBXFileReference; fileEncoding = 4; lastKnownFileType = sourcecode.c.h; path = SPArmatureDisplayFactory.h; sourceTree = "<group>"; };
		E2337FC717A1858B004DDAC7 /* SPDisplayFactory.cpp */ = {isa = PBXFileReference; fileEncoding = 4; lastKnownFileType = sourcecode.cpp.cpp; path = SPDisplayFactory.cpp; sourceTree = "<group>"; };
		E2337FC817A1858B004DDAC7 /* SPDisplayFactory.h */ = {isa = PBXFileReference; fileEncoding = 4; lastKnownFileType = sourcecode.c.h; path = SPDisplayFactory.h; sourceTree = "<group>"; };
		E2337FC917A1858B004DDAC7 /* SPDisplayFactoryManager.cpp */ = {isa = PBXFileReference; fileEncoding = 4; lastKnownFileType = sourcecode.cpp.cpp; path = SPDisplayFactoryManager.cpp; sourceTree = "<group>"; };
		E2337FCA17A1858B004DDAC7 /* SPDisplayFactoryManager.h */ = {isa = PBXFileReference; fileEncoding = 4; lastKnownFileType = sourcecode.c.h; path = SPDisplayFactoryManager.h; sourceTree = "<group>"; };
		E2337FCB17A1858B004DDAC7 /* SPParticleDisplayFactory.cpp */ = {isa = PBXFileReference; fileEncoding = 4; lastKnownFileType = sourcecode.cpp.cpp; path = SPParticleDisplayFactory.cpp; sourceTree = "<group>"; };
		E2337FCC17A1858B004DDAC7 /* SPParticleDisplayFactory.h */ = {isa = PBXFileReference; fileEncoding = 4; lastKnownFileType = sourcecode.c.h; path = SPParticleDisplayFactory.h; sourceTree = "<group>"; };
		E2337FCD17A1858B004DDAC7 /* SPShaderDisplayFactory.cpp */ = {isa = PBXFileReference; fileEncoding = 4; lastKnownFileType = sourcecode.cpp.cpp; path = SPShaderDisplayFactory.cpp; sourceTree = "<group>"; };
		E2337FCE17A1858B004DDAC7 /* SPShaderDisplayFactory.h */ = {isa = PBXFileReference; fileEncoding = 4; lastKnownFileType = sourcecode.c.h; path = SPShaderDisplayFactory.h; sourceTree = "<group>"; };
		E2337FCF17A1858B004DDAC7 /* SPSpriteDisplayFactory.cpp */ = {isa = PBXFileReference; fileEncoding = 4; lastKnownFileType = sourcecode.cpp.cpp; path = SPSpriteDisplayFactory.cpp; sourceTree = "<group>"; };
		E2337FD017A1858B004DDAC7 /* SPSpriteDisplayFactory.h */ = {isa = PBXFileReference; fileEncoding = 4; lastKnownFileType = sourcecode.c.h; path = SPSpriteDisplayFactory.h; sourceTree = "<group>"; };
		E2337FD117A1858B004DDAC7 /* SPContourPoints.cpp */ = {isa = PBXFileReference; fileEncoding = 4; lastKnownFileType = sourcecode.cpp.cpp; path = SPContourPoints.cpp; sourceTree = "<group>"; };
		E2337FD217A1858B004DDAC7 /* SPContourPoints.h */ = {isa = PBXFileReference; fileEncoding = 4; lastKnownFileType = sourcecode.c.h; path = SPContourPoints.h; sourceTree = "<group>"; };
		E2337FD317A1858B004DDAC7 /* SPContourSprite.cpp */ = {isa = PBXFileReference; fileEncoding = 4; lastKnownFileType = sourcecode.cpp.cpp; path = SPContourSprite.cpp; sourceTree = "<group>"; };
		E2337FD417A1858B004DDAC7 /* SPContourSprite.h */ = {isa = PBXFileReference; fileEncoding = 4; lastKnownFileType = sourcecode.c.h; path = SPContourSprite.h; sourceTree = "<group>"; };
		E2337FD517A1858B004DDAC7 /* SPDecorativeDisplay.cpp */ = {isa = PBXFileReference; fileEncoding = 4; lastKnownFileType = sourcecode.cpp.cpp; path = SPDecorativeDisplay.cpp; sourceTree = "<group>"; };
		E2337FD617A1858B004DDAC7 /* SPDecorativeDisplay.h */ = {isa = PBXFileReference; fileEncoding = 4; lastKnownFileType = sourcecode.c.h; path = SPDecorativeDisplay.h; sourceTree = "<group>"; };
		E2337FD717A1858B004DDAC7 /* SPDisplayManager.cpp */ = {isa = PBXFileReference; fileEncoding = 4; lastKnownFileType = sourcecode.cpp.cpp; path = SPDisplayManager.cpp; sourceTree = "<group>"; };
		E2337FD817A1858B004DDAC7 /* SPDisplayManager.h */ = {isa = PBXFileReference; fileEncoding = 4; lastKnownFileType = sourcecode.c.h; path = SPDisplayManager.h; sourceTree = "<group>"; };
		E2337FD917A1858B004DDAC7 /* SPShaderNode.cpp */ = {isa = PBXFileReference; fileEncoding = 4; lastKnownFileType = sourcecode.cpp.cpp; path = SPShaderNode.cpp; sourceTree = "<group>"; };
		E2337FDA17A1858B004DDAC7 /* SPShaderNode.h */ = {isa = PBXFileReference; fileEncoding = 4; lastKnownFileType = sourcecode.c.h; path = SPShaderNode.h; sourceTree = "<group>"; };
		E2337FDE17A1858B004DDAC7 /* autolink.h */ = {isa = PBXFileReference; fileEncoding = 4; lastKnownFileType = sourcecode.c.h; path = autolink.h; sourceTree = "<group>"; };
		E2337FDF17A1858B004DDAC7 /* config.h */ = {isa = PBXFileReference; fileEncoding = 4; lastKnownFileType = sourcecode.c.h; path = config.h; sourceTree = "<group>"; };
		E2337FE017A1858B004DDAC7 /* features.h */ = {isa = PBXFileReference; fileEncoding = 4; lastKnownFileType = sourcecode.c.h; path = features.h; sourceTree = "<group>"; };
		E2337FE117A1858B004DDAC7 /* forwards.h */ = {isa = PBXFileReference; fileEncoding = 4; lastKnownFileType = sourcecode.c.h; path = forwards.h; sourceTree = "<group>"; };
		E2337FE217A1858B004DDAC7 /* json_lib.h */ = {isa = PBXFileReference; fileEncoding = 4; lastKnownFileType = sourcecode.c.h; path = json_lib.h; sourceTree = "<group>"; };
		E2337FE317A1858B004DDAC7 /* reader.h */ = {isa = PBXFileReference; fileEncoding = 4; lastKnownFileType = sourcecode.c.h; path = reader.h; sourceTree = "<group>"; };
		E2337FE417A1858B004DDAC7 /* value.h */ = {isa = PBXFileReference; fileEncoding = 4; lastKnownFileType = sourcecode.c.h; path = value.h; sourceTree = "<group>"; };
		E2337FE517A1858B004DDAC7 /* writer.h */ = {isa = PBXFileReference; fileEncoding = 4; lastKnownFileType = sourcecode.c.h; path = writer.h; sourceTree = "<group>"; };
		E2337FE717A1858B004DDAC7 /* json_batchallocator.h */ = {isa = PBXFileReference; fileEncoding = 4; lastKnownFileType = sourcecode.c.h; path = json_batchallocator.h; sourceTree = "<group>"; };
		E2337FE817A1858B004DDAC7 /* json_internalarray.inl */ = {isa = PBXFileReference; fileEncoding = 4; lastKnownFileType = text; path = json_internalarray.inl; sourceTree = "<group>"; };
		E2337FE917A1858B004DDAC7 /* json_internalmap.inl */ = {isa = PBXFileReference; fileEncoding = 4; lastKnownFileType = text; path = json_internalmap.inl; sourceTree = "<group>"; };
		E2337FEA17A1858B004DDAC7 /* json_reader.cpp */ = {isa = PBXFileReference; fileEncoding = 4; lastKnownFileType = sourcecode.cpp.cpp; path = json_reader.cpp; sourceTree = "<group>"; };
		E2337FEB17A1858B004DDAC7 /* json_tool.h */ = {isa = PBXFileReference; fileEncoding = 4; lastKnownFileType = sourcecode.c.h; path = json_tool.h; sourceTree = "<group>"; };
		E2337FEC17A1858B004DDAC7 /* json_value.cpp */ = {isa = PBXFileReference; fileEncoding = 4; lastKnownFileType = sourcecode.cpp.cpp; path = json_value.cpp; sourceTree = "<group>"; };
		E2337FED17A1858B004DDAC7 /* json_valueiterator.inl */ = {isa = PBXFileReference; fileEncoding = 4; lastKnownFileType = text; path = json_valueiterator.inl; sourceTree = "<group>"; };
		E2337FEE17A1858B004DDAC7 /* json_writer.cpp */ = {isa = PBXFileReference; fileEncoding = 4; lastKnownFileType = sourcecode.cpp.cpp; path = json_writer.cpp; sourceTree = "<group>"; };
		E2337FEF17A1858B004DDAC7 /* sconscript */ = {isa = PBXFileReference; fileEncoding = 4; lastKnownFileType = text; path = sconscript; sourceTree = "<group>"; };
		E2337FF017A1858B004DDAC7 /* SPContentJsonDictionary.cpp */ = {isa = PBXFileReference; fileEncoding = 4; lastKnownFileType = sourcecode.cpp.cpp; path = SPContentJsonDictionary.cpp; sourceTree = "<group>"; };
		E2337FF117A1858B004DDAC7 /* SPContentJsonDictionary.h */ = {isa = PBXFileReference; fileEncoding = 4; lastKnownFileType = sourcecode.c.h; path = SPContentJsonDictionary.h; sourceTree = "<group>"; };
		E2337FF217A1858B004DDAC7 /* sigslot.h */ = {isa = PBXFileReference; fileEncoding = 4; lastKnownFileType = sourcecode.c.h; path = sigslot.h; sourceTree = "<group>"; };
		E2337FF317A1858B004DDAC7 /* SPArmature.cpp */ = {isa = PBXFileReference; fileEncoding = 4; lastKnownFileType = sourcecode.cpp.cpp; path = SPArmature.cpp; sourceTree = "<group>"; };
		E2337FF417A1858B004DDAC7 /* SPArmature.h */ = {isa = PBXFileReference; fileEncoding = 4; lastKnownFileType = sourcecode.c.h; path = SPArmature.h; sourceTree = "<group>"; };
		E2337FF517A1858B004DDAC7 /* SPBone.cpp */ = {isa = PBXFileReference; fileEncoding = 4; lastKnownFileType = sourcecode.cpp.cpp; path = SPBone.cpp; sourceTree = "<group>"; };
		E2337FF617A1858B004DDAC7 /* SPBone.h */ = {isa = PBXFileReference; fileEncoding = 4; lastKnownFileType = sourcecode.c.h; path = SPBone.h; sourceTree = "<group>"; };
		E2337FF817A1858B004DDAC7 /* SPArmatureDataManager.cpp */ = {isa = PBXFileReference; fileEncoding = 4; lastKnownFileType = sourcecode.cpp.cpp; path = SPArmatureDataManager.cpp; sourceTree = "<group>"; };
		E2337FF917A1858B004DDAC7 /* SPArmatureDataManager.h */ = {isa = PBXFileReference; fileEncoding = 4; lastKnownFileType = sourcecode.c.h; path = SPArmatureDataManager.h; sourceTree = "<group>"; };
		E2337FFA17A1858B004DDAC7 /* SPArmatureDefine.h */ = {isa = PBXFileReference; fileEncoding = 4; lastKnownFileType = sourcecode.c.h; path = SPArmatureDefine.h; sourceTree = "<group>"; };
		E2337FFB17A1858B004DDAC7 /* SPBatchNode.cpp */ = {isa = PBXFileReference; fileEncoding = 4; lastKnownFileType = sourcecode.cpp.cpp; path = SPBatchNode.cpp; sourceTree = "<group>"; };
		E2337FFC17A1858B004DDAC7 /* SPBatchNode.h */ = {isa = PBXFileReference; fileEncoding = 4; lastKnownFileType = sourcecode.c.h; path = SPBatchNode.h; sourceTree = "<group>"; };
		E2337FFD17A1858B004DDAC7 /* SPBatchNodeManager.cpp */ = {isa = PBXFileReference; fileEncoding = 4; lastKnownFileType = sourcecode.cpp.cpp; path = SPBatchNodeManager.cpp; sourceTree = "<group>"; };
		E2337FFE17A1858B004DDAC7 /* SPBatchNodeManager.h */ = {isa = PBXFileReference; fileEncoding = 4; lastKnownFileType = sourcecode.c.h; path = SPBatchNodeManager.h; sourceTree = "<group>"; };
		E2337FFF17A1858B004DDAC7 /* SPConstValue.h */ = {isa = PBXFileReference; fileEncoding = 4; lastKnownFileType = sourcecode.c.h; path = SPConstValue.h; sourceTree = "<group>"; };
		E233800017A1858B004DDAC7 /* SPDataReaderHelper.cpp */ = {isa = PBXFileReference; fileEncoding = 4; lastKnownFileType = sourcecode.cpp.cpp; path = SPDataReaderHelper.cpp; sourceTree = "<group>"; };
		E233800117A1858B004DDAC7 /* SPDataReaderHelper.h */ = {isa = PBXFileReference; fileEncoding = 4; lastKnownFileType = sourcecode.c.h; path = SPDataReaderHelper.h; sourceTree = "<group>"; };
		E233800217A1858B004DDAC7 /* SPTransformHelp.cpp */ = {isa = PBXFileReference; fileEncoding = 4; lastKnownFileType = sourcecode.cpp.cpp; path = SPTransformHelp.cpp; sourceTree = "<group>"; };
		E233800317A1858B004DDAC7 /* SPTransformHelp.h */ = {isa = PBXFileReference; fileEncoding = 4; lastKnownFileType = sourcecode.c.h; path = SPTransformHelp.h; sourceTree = "<group>"; };
		E233800417A1858B004DDAC7 /* SPTweenFunction.cpp */ = {isa = PBXFileReference; fileEncoding = 4; lastKnownFileType = sourcecode.cpp.cpp; path = SPTweenFunction.cpp; sourceTree = "<group>"; };
		E233800517A1858B004DDAC7 /* SPTweenFunction.h */ = {isa = PBXFileReference; fileEncoding = 4; lastKnownFileType = sourcecode.c.h; path = SPTweenFunction.h; sourceTree = "<group>"; };
		E233800617A1858B004DDAC7 /* SPUtilMath.cpp */ = {isa = PBXFileReference; fileEncoding = 4; lastKnownFileType = sourcecode.cpp.cpp; path = SPUtilMath.cpp; sourceTree = "<group>"; };
		E233800717A1858B004DDAC7 /* SPUtilMath.h */ = {isa = PBXFileReference; fileEncoding = 4; lastKnownFileType = sourcecode.c.h; path = SPUtilMath.h; sourceTree = "<group>"; };
		E233800917A1858B004DDAC7 /* tinystr.cpp */ = {isa = PBXFileReference; fileEncoding = 4; lastKnownFileType = sourcecode.cpp.cpp; path = tinystr.cpp; sourceTree = "<group>"; };
		E233800A17A1858B004DDAC7 /* tinystr.h */ = {isa = PBXFileReference; fileEncoding = 4; lastKnownFileType = sourcecode.c.h; path = tinystr.h; sourceTree = "<group>"; };
		E233800B17A1858B004DDAC7 /* tinyxml.cpp */ = {isa = PBXFileReference; fileEncoding = 4; lastKnownFileType = sourcecode.cpp.cpp; path = tinyxml.cpp; sourceTree = "<group>"; };
		E233800C17A1858B004DDAC7 /* tinyxml.h */ = {isa = PBXFileReference; fileEncoding = 4; lastKnownFileType = sourcecode.c.h; path = tinyxml.h; sourceTree = "<group>"; };
		E233800D17A1858B004DDAC7 /* tinyxml.suo */ = {isa = PBXFileReference; lastKnownFileType = file; path = tinyxml.suo; sourceTree = "<group>"; };
		E233800E17A1858B004DDAC7 /* tinyxmlerror.cpp */ = {isa = PBXFileReference; fileEncoding = 4; lastKnownFileType = sourcecode.cpp.cpp; path = tinyxmlerror.cpp; sourceTree = "<group>"; };
		E233800F17A1858B004DDAC7 /* tinyxmlparser.cpp */ = {isa = PBXFileReference; fileEncoding = 4; lastKnownFileType = sourcecode.cpp.cpp; path = tinyxmlparser.cpp; sourceTree = "<group>"; };
		E25F8FAF17A1F4240068B034 /* TSPAnimation.cpp */ = {isa = PBXFileReference; fileEncoding = 4; lastKnownFileType = sourcecode.cpp.cpp; path = TSPAnimation.cpp; sourceTree = "<group>"; };
		E25F8FB017A1F4240068B034 /* TSPAnimation.h */ = {isa = PBXFileReference; fileEncoding = 4; lastKnownFileType = sourcecode.c.h; path = TSPAnimation.h; sourceTree = "<group>"; };
		E25F8FB717A1F80D0068B034 /* TSPAnimationLoader.cpp */ = {isa = PBXFileReference; fileEncoding = 4; lastKnownFileType = sourcecode.cpp.cpp; path = TSPAnimationLoader.cpp; sourceTree = "<group>"; };
		E25F8FB817A1F80D0068B034 /* TSPAnimationLoader.h */ = {isa = PBXFileReference; fileEncoding = 4; lastKnownFileType = sourcecode.c.h; path = TSPAnimationLoader.h; sourceTree = "<group>"; };
		F4482F1A16A0555000FDDDAD /* Default-568h@2x.png */ = {isa = PBXFileReference; lastKnownFileType = image.png; path = "Default-568h@2x.png"; sourceTree = "<group>"; };
		F4482F1B16A0555000FDDDAD /* Default.png */ = {isa = PBXFileReference; lastKnownFileType = image.png; path = Default.png; sourceTree = "<group>"; };
		F4482F1C16A0555000FDDDAD /* Default@2x.png */ = {isa = PBXFileReference; lastKnownFileType = image.png; path = "Default@2x.png"; sourceTree = "<group>"; };
		F4482F1D16A0555000FDDDAD /* Icon-72.png */ = {isa = PBXFileReference; lastKnownFileType = image.png; path = "Icon-72.png"; sourceTree = "<group>"; };
		F4482F1E16A0555000FDDDAD /* Icon.png */ = {isa = PBXFileReference; lastKnownFileType = image.png; path = Icon.png; sourceTree = "<group>"; };
		F4482F1F16A0555000FDDDAD /* Icon@2x.png */ = {isa = PBXFileReference; lastKnownFileType = image.png; path = "Icon@2x.png"; sourceTree = "<group>"; };
		F4482F2016A0555000FDDDAD /* Info.plist */ = {isa = PBXFileReference; fileEncoding = 4; lastKnownFileType = text.plist.xml; path = Info.plist; sourceTree = "<group>"; };
		F4499C7116C7CDE20059FF37 /* quickcocos2dx.xcodeproj */ = {isa = PBXFileReference; lastKnownFileType = "wrapper.pb-project"; name = quickcocos2dx.xcodeproj; path = lib/proj.ios/quickcocos2dx.xcodeproj; sourceTree = QUICK_COCOS2DX_ROOT; };
		F452BFC41687EEF900DC5BCC /* CoreText.framework */ = {isa = PBXFileReference; lastKnownFileType = wrapper.framework; name = CoreText.framework; path = System/Library/Frameworks/CoreText.framework; sourceTree = SDKROOT; };
		F452BFCF1687F0F200DC5BCC /* UIKit.framework */ = {isa = PBXFileReference; lastKnownFileType = wrapper.framework; name = UIKit.framework; path = System/Library/Frameworks/UIKit.framework; sourceTree = SDKROOT; };
		F456ECC115EE018E00FCF3E2 /* tiger.app */ = {isa = PBXFileReference; explicitFileType = wrapper.application; includeInIndex = 0; path = tiger.app; sourceTree = BUILT_PRODUCTS_DIR; };
		F456ECC515EE018E00FCF3E2 /* QuartzCore.framework */ = {isa = PBXFileReference; lastKnownFileType = wrapper.framework; name = QuartzCore.framework; path = System/Library/Frameworks/QuartzCore.framework; sourceTree = SDKROOT; };
		F456ECC715EE018E00FCF3E2 /* OpenGLES.framework */ = {isa = PBXFileReference; lastKnownFileType = wrapper.framework; name = OpenGLES.framework; path = System/Library/Frameworks/OpenGLES.framework; sourceTree = SDKROOT; };
		F456ECC915EE018E00FCF3E2 /* OpenAL.framework */ = {isa = PBXFileReference; lastKnownFileType = wrapper.framework; name = OpenAL.framework; path = System/Library/Frameworks/OpenAL.framework; sourceTree = SDKROOT; };
		F456ECCB15EE018E00FCF3E2 /* AudioToolbox.framework */ = {isa = PBXFileReference; lastKnownFileType = wrapper.framework; name = AudioToolbox.framework; path = System/Library/Frameworks/AudioToolbox.framework; sourceTree = SDKROOT; };
		F456ECCD15EE018E00FCF3E2 /* AVFoundation.framework */ = {isa = PBXFileReference; lastKnownFileType = wrapper.framework; name = AVFoundation.framework; path = System/Library/Frameworks/AVFoundation.framework; sourceTree = SDKROOT; };
		F456ECD115EE018E00FCF3E2 /* Foundation.framework */ = {isa = PBXFileReference; lastKnownFileType = wrapper.framework; name = Foundation.framework; path = System/Library/Frameworks/Foundation.framework; sourceTree = SDKROOT; };
		F456ECD315EE018E00FCF3E2 /* CoreGraphics.framework */ = {isa = PBXFileReference; lastKnownFileType = wrapper.framework; name = CoreGraphics.framework; path = System/Library/Frameworks/CoreGraphics.framework; sourceTree = SDKROOT; };
		F456F0F815EE0CDB00FCF3E2 /* CFNetwork.framework */ = {isa = PBXFileReference; lastKnownFileType = wrapper.framework; name = CFNetwork.framework; path = System/Library/Frameworks/CFNetwork.framework; sourceTree = SDKROOT; };
		F456F0FA15EE0CEB00FCF3E2 /* CoreFoundation.framework */ = {isa = PBXFileReference; lastKnownFileType = wrapper.framework; name = CoreFoundation.framework; path = System/Library/Frameworks/CoreFoundation.framework; sourceTree = SDKROOT; };
		F456F0FC15EE0CF600FCF3E2 /* SystemConfiguration.framework */ = {isa = PBXFileReference; lastKnownFileType = wrapper.framework; name = SystemConfiguration.framework; path = System/Library/Frameworks/SystemConfiguration.framework; sourceTree = SDKROOT; };
		F456F10415EE0D2D00FCF3E2 /* MobileCoreServices.framework */ = {isa = PBXFileReference; lastKnownFileType = wrapper.framework; name = MobileCoreServices.framework; path = System/Library/Frameworks/MobileCoreServices.framework; sourceTree = SDKROOT; };
		F456F10615EE0D3500FCF3E2 /* Security.framework */ = {isa = PBXFileReference; lastKnownFileType = wrapper.framework; name = Security.framework; path = System/Library/Frameworks/Security.framework; sourceTree = SDKROOT; };
		F4730C1C16C1509700280298 /* res */ = {isa = PBXFileReference; lastKnownFileType = folder; name = res; path = ../../../res; sourceTree = "<group>"; };
		F4730C1D16C1509700280298 /* scripts */ = {isa = PBXFileReference; lastKnownFileType = folder; name = scripts; path = ../../../scripts; sourceTree = "<group>"; };
		F4949C781699553B00DB561E /* AddressBook.framework */ = {isa = PBXFileReference; lastKnownFileType = wrapper.framework; name = AddressBook.framework; path = System/Library/Frameworks/AddressBook.framework; sourceTree = SDKROOT; };
		F4949C7A1699554600DB561E /* CoreTelephony.framework */ = {isa = PBXFileReference; lastKnownFileType = wrapper.framework; name = CoreTelephony.framework; path = System/Library/Frameworks/CoreTelephony.framework; sourceTree = SDKROOT; };
		F4D26BC716C7D0D2004442B6 /* AppController.h */ = {isa = PBXFileReference; fileEncoding = 4; lastKnownFileType = sourcecode.c.h; path = AppController.h; sourceTree = "<group>"; };
		F4D26BC816C7D0D2004442B6 /* AppController.mm */ = {isa = PBXFileReference; fileEncoding = 4; lastKnownFileType = sourcecode.cpp.objcpp; path = AppController.mm; sourceTree = "<group>"; };
		F4D26BC916C7D0D2004442B6 /* main.m */ = {isa = PBXFileReference; fileEncoding = 4; lastKnownFileType = sourcecode.c.objc; path = main.m; sourceTree = "<group>"; };
		F4D26BCA16C7D0D2004442B6 /* RootViewController.h */ = {isa = PBXFileReference; fileEncoding = 4; lastKnownFileType = sourcecode.c.h; path = RootViewController.h; sourceTree = "<group>"; };
		F4D26BCB16C7D0D2004442B6 /* RootViewController.mm */ = {isa = PBXFileReference; fileEncoding = 4; lastKnownFileType = sourcecode.cpp.objcpp; path = RootViewController.mm; sourceTree = "<group>"; };
		F4E50FE316CF7B6500AA7E90 /* AppDelegate.cpp */ = {isa = PBXFileReference; fileEncoding = 4; lastKnownFileType = sourcecode.cpp.cpp; path = AppDelegate.cpp; sourceTree = "<group>"; };
		F4E50FE416CF7B6500AA7E90 /* AppDelegate.h */ = {isa = PBXFileReference; fileEncoding = 4; lastKnownFileType = sourcecode.c.h; path = AppDelegate.h; sourceTree = "<group>"; };
		F4F40D1A16573CE0007937AD /* StoreKit.framework */ = {isa = PBXFileReference; lastKnownFileType = wrapper.framework; name = StoreKit.framework; path = System/Library/Frameworks/StoreKit.framework; sourceTree = SDKROOT; };
/* End PBXFileReference section */

/* Begin PBXFrameworksBuildPhase section */
		F456ECBE15EE018E00FCF3E2 /* Frameworks */ = {
			isa = PBXFrameworksBuildPhase;
			buildActionMask = 2147483647;
			files = (
				F4323CF716D3298E0072B773 /* libquickcocos2dx.a in Frameworks */,
				F452BFD01687F0F200DC5BCC /* UIKit.framework in Frameworks */,
				F456F0FD15EE0CF600FCF3E2 /* SystemConfiguration.framework in Frameworks */,
				F456ECC615EE018E00FCF3E2 /* QuartzCore.framework in Frameworks */,
				F4949C7B1699554600DB561E /* CoreTelephony.framework in Frameworks */,
				F456ECD415EE018E00FCF3E2 /* CoreGraphics.framework in Frameworks */,
				F4949C791699553B00DB561E /* AddressBook.framework in Frameworks */,
				F456ECC815EE018E00FCF3E2 /* OpenGLES.framework in Frameworks */,
				F452BFC51687EEF900DC5BCC /* CoreText.framework in Frameworks */,
				F4F40D1B16573CE0007937AD /* StoreKit.framework in Frameworks */,
				F456F10515EE0D2D00FCF3E2 /* MobileCoreServices.framework in Frameworks */,
				F456F0F915EE0CDB00FCF3E2 /* CFNetwork.framework in Frameworks */,
				F456ECCA15EE018E00FCF3E2 /* OpenAL.framework in Frameworks */,
				F456ECCC15EE018E00FCF3E2 /* AudioToolbox.framework in Frameworks */,
				F456ECCE15EE018E00FCF3E2 /* AVFoundation.framework in Frameworks */,
				F456ECD215EE018E00FCF3E2 /* Foundation.framework in Frameworks */,
			);
			runOnlyForDeploymentPostprocessing = 0;
		};
/* End PBXFrameworksBuildPhase section */

/* Begin PBXGroup section */
		E2337F9717A1858B004DDAC7 /* SPArmature */ = {
			isa = PBXGroup;
			children = (
				E2337F9817A1858B004DDAC7 /* animation */,
				E2337F9F17A1858B004DDAC7 /* datas */,
				E2337FC117A1858B004DDAC7 /* display */,
				E2337FDB17A1858B004DDAC7 /* external_tool */,
				E2337FF317A1858B004DDAC7 /* SPArmature.cpp */,
				E2337FF417A1858B004DDAC7 /* SPArmature.h */,
				E2337FF517A1858B004DDAC7 /* SPBone.cpp */,
				E2337FF617A1858B004DDAC7 /* SPBone.h */,
				E2337FF717A1858B004DDAC7 /* utils */,
			);
			path = SPArmature;
			sourceTree = "<group>";
		};
		E2337F9817A1858B004DDAC7 /* animation */ = {
			isa = PBXGroup;
			children = (
				E2337F9917A1858B004DDAC7 /* SPAnimation.cpp */,
				E2337F9A17A1858B004DDAC7 /* SPAnimation.h */,
				E2337F9B17A1858B004DDAC7 /* SPProcessBase.cpp */,
				E2337F9C17A1858B004DDAC7 /* SPProcessBase.h */,
				E2337F9D17A1858B004DDAC7 /* SPTween.cpp */,
				E2337F9E17A1858B004DDAC7 /* SPTween.h */,
			);
			path = animation;
			sourceTree = "<group>";
		};
		E2337F9F17A1858B004DDAC7 /* datas */ = {
			isa = PBXGroup;
			children = (
				E2337FA017A1858B004DDAC7 /* display_data */,
				E2337FAB17A1858B004DDAC7 /* SPAnimationData.cpp */,
				E2337FAC17A1858B004DDAC7 /* SPAnimationData.h */,
				E2337FAD17A1858B004DDAC7 /* SPArmatureData.cpp */,
				E2337FAE17A1858B004DDAC7 /* SPArmatureData.h */,
				E2337FAF17A1858B004DDAC7 /* SPBoneData.cpp */,
				E2337FB017A1858B004DDAC7 /* SPBoneData.h */,
				E2337FB117A1858B004DDAC7 /* SPContourData.cpp */,
				E2337FB217A1858B004DDAC7 /* SPContourData.h */,
				E2337FB317A1858B004DDAC7 /* SPFrameData.cpp */,
				E2337FB417A1858B004DDAC7 /* SPFrameData.h */,
				E2337FB517A1858B004DDAC7 /* SPJsonData.cpp */,
				E2337FB617A1858B004DDAC7 /* SPJsonData.h */,
				E2337FB717A1858B004DDAC7 /* SPMovementBoneData.cpp */,
				E2337FB817A1858B004DDAC7 /* SPMovementBoneData.h */,
				E2337FB917A1858B004DDAC7 /* SPMovementData.cpp */,
				E2337FBA17A1858B004DDAC7 /* SPMovementData.h */,
				E2337FBB17A1858B004DDAC7 /* SPMovementFrameData.cpp */,
				E2337FBC17A1858B004DDAC7 /* SPMovementFrameData.h */,
				E2337FBD17A1858B004DDAC7 /* SPNode.cpp */,
				E2337FBE17A1858B004DDAC7 /* SPNode.h */,
				E2337FBF17A1858B004DDAC7 /* SPTextureData.cpp */,
				E2337FC017A1858B004DDAC7 /* SPTextureData.h */,
			);
			path = datas;
			sourceTree = "<group>";
		};
		E2337FA017A1858B004DDAC7 /* display_data */ = {
			isa = PBXGroup;
			children = (
				E2337FA117A1858B004DDAC7 /* SPArmatureDisplayData.cpp */,
				E2337FA217A1858B004DDAC7 /* SPArmatureDisplayData.h */,
				E2337FA317A1858B004DDAC7 /* SPDisplayData.cpp */,
				E2337FA417A1858B004DDAC7 /* SPDisplayData.h */,
				E2337FA517A1858B004DDAC7 /* SPParticleDisplayData.cpp */,
				E2337FA617A1858B004DDAC7 /* SPParticleDisplayData.h */,
				E2337FA717A1858B004DDAC7 /* SPShaderDisplayData.cpp */,
				E2337FA817A1858B004DDAC7 /* SPShaderDisplayData.h */,
				E2337FA917A1858B004DDAC7 /* SPSpriteDisplayData.cpp */,
				E2337FAA17A1858B004DDAC7 /* SPSpriteDisplayData.h */,
			);
			path = display_data;
			sourceTree = "<group>";
		};
		E2337FC117A1858B004DDAC7 /* display */ = {
			isa = PBXGroup;
			children = (
				E2337FC217A1858B004DDAC7 /* CCTexture2DMutable.cpp */,
				E2337FC317A1858B004DDAC7 /* CCTexture2DMutable.h */,
				E2337FC417A1858B004DDAC7 /* display_factory */,
				E2337FD117A1858B004DDAC7 /* SPContourPoints.cpp */,
				E2337FD217A1858B004DDAC7 /* SPContourPoints.h */,
				E2337FD317A1858B004DDAC7 /* SPContourSprite.cpp */,
				E2337FD417A1858B004DDAC7 /* SPContourSprite.h */,
				E2337FD517A1858B004DDAC7 /* SPDecorativeDisplay.cpp */,
				E2337FD617A1858B004DDAC7 /* SPDecorativeDisplay.h */,
				E2337FD717A1858B004DDAC7 /* SPDisplayManager.cpp */,
				E2337FD817A1858B004DDAC7 /* SPDisplayManager.h */,
				E2337FD917A1858B004DDAC7 /* SPShaderNode.cpp */,
				E2337FDA17A1858B004DDAC7 /* SPShaderNode.h */,
			);
			path = display;
			sourceTree = "<group>";
		};
		E2337FC417A1858B004DDAC7 /* display_factory */ = {
			isa = PBXGroup;
			children = (
				E2337FC517A1858B004DDAC7 /* SPArmatureDisplayFactory.cpp */,
				E2337FC617A1858B004DDAC7 /* SPArmatureDisplayFactory.h */,
				E2337FC717A1858B004DDAC7 /* SPDisplayFactory.cpp */,
				E2337FC817A1858B004DDAC7 /* SPDisplayFactory.h */,
				E2337FC917A1858B004DDAC7 /* SPDisplayFactoryManager.cpp */,
				E2337FCA17A1858B004DDAC7 /* SPDisplayFactoryManager.h */,
				E2337FCB17A1858B004DDAC7 /* SPParticleDisplayFactory.cpp */,
				E2337FCC17A1858B004DDAC7 /* SPParticleDisplayFactory.h */,
				E2337FCD17A1858B004DDAC7 /* SPShaderDisplayFactory.cpp */,
				E2337FCE17A1858B004DDAC7 /* SPShaderDisplayFactory.h */,
				E2337FCF17A1858B004DDAC7 /* SPSpriteDisplayFactory.cpp */,
				E2337FD017A1858B004DDAC7 /* SPSpriteDisplayFactory.h */,
			);
			path = display_factory;
			sourceTree = "<group>";
		};
		E2337FDB17A1858B004DDAC7 /* external_tool */ = {
			isa = PBXGroup;
			children = (
				E2337FDC17A1858B004DDAC7 /* Json */,
				E2337FF217A1858B004DDAC7 /* sigslot.h */,
			);
			path = external_tool;
			sourceTree = "<group>";
		};
		E2337FDC17A1858B004DDAC7 /* Json */ = {
			isa = PBXGroup;
			children = (
				E2337FDD17A1858B004DDAC7 /* json */,
				E2337FE617A1858B004DDAC7 /* lib_json */,
				E2337FF017A1858B004DDAC7 /* SPContentJsonDictionary.cpp */,
				E2337FF117A1858B004DDAC7 /* SPContentJsonDictionary.h */,
			);
			path = Json;
			sourceTree = "<group>";
		};
		E2337FDD17A1858B004DDAC7 /* json */ = {
			isa = PBXGroup;
			children = (
				E2337FDE17A1858B004DDAC7 /* autolink.h */,
				E2337FDF17A1858B004DDAC7 /* config.h */,
				E2337FE017A1858B004DDAC7 /* features.h */,
				E2337FE117A1858B004DDAC7 /* forwards.h */,
				E2337FE217A1858B004DDAC7 /* json_lib.h */,
				E2337FE317A1858B004DDAC7 /* reader.h */,
				E2337FE417A1858B004DDAC7 /* value.h */,
				E2337FE517A1858B004DDAC7 /* writer.h */,
			);
			path = json;
			sourceTree = "<group>";
		};
		E2337FE617A1858B004DDAC7 /* lib_json */ = {
			isa = PBXGroup;
			children = (
				E2337FE717A1858B004DDAC7 /* json_batchallocator.h */,
				E2337FE817A1858B004DDAC7 /* json_internalarray.inl */,
				E2337FE917A1858B004DDAC7 /* json_internalmap.inl */,
				E2337FEA17A1858B004DDAC7 /* json_reader.cpp */,
				E2337FEB17A1858B004DDAC7 /* json_tool.h */,
				E2337FEC17A1858B004DDAC7 /* json_value.cpp */,
				E2337FED17A1858B004DDAC7 /* json_valueiterator.inl */,
				E2337FEE17A1858B004DDAC7 /* json_writer.cpp */,
				E2337FEF17A1858B004DDAC7 /* sconscript */,
			);
			path = lib_json;
			sourceTree = "<group>";
		};
		E2337FF717A1858B004DDAC7 /* utils */ = {
			isa = PBXGroup;
			children = (
				E2337FF817A1858B004DDAC7 /* SPArmatureDataManager.cpp */,
				E2337FF917A1858B004DDAC7 /* SPArmatureDataManager.h */,
				E2337FFA17A1858B004DDAC7 /* SPArmatureDefine.h */,
				E2337FFB17A1858B004DDAC7 /* SPBatchNode.cpp */,
				E2337FFC17A1858B004DDAC7 /* SPBatchNode.h */,
				E2337FFD17A1858B004DDAC7 /* SPBatchNodeManager.cpp */,
				E2337FFE17A1858B004DDAC7 /* SPBatchNodeManager.h */,
				E2337FFF17A1858B004DDAC7 /* SPConstValue.h */,
				E233800017A1858B004DDAC7 /* SPDataReaderHelper.cpp */,
				E233800117A1858B004DDAC7 /* SPDataReaderHelper.h */,
				E233800217A1858B004DDAC7 /* SPTransformHelp.cpp */,
				E233800317A1858B004DDAC7 /* SPTransformHelp.h */,
				E233800417A1858B004DDAC7 /* SPTweenFunction.cpp */,
				E233800517A1858B004DDAC7 /* SPTweenFunction.h */,
				E233800617A1858B004DDAC7 /* SPUtilMath.cpp */,
				E233800717A1858B004DDAC7 /* SPUtilMath.h */,
			);
			path = utils;
			sourceTree = "<group>";
		};
		E233800817A1858B004DDAC7 /* tinyxml */ = {
			isa = PBXGroup;
			children = (
				E233800917A1858B004DDAC7 /* tinystr.cpp */,
				E233800A17A1858B004DDAC7 /* tinystr.h */,
				E233800B17A1858B004DDAC7 /* tinyxml.cpp */,
				E233800C17A1858B004DDAC7 /* tinyxml.h */,
				E233800D17A1858B004DDAC7 /* tinyxml.suo */,
				E233800E17A1858B004DDAC7 /* tinyxmlerror.cpp */,
				E233800F17A1858B004DDAC7 /* tinyxmlparser.cpp */,
			);
			path = tinyxml;
			sourceTree = "<group>";
		};
		E25F8FAE17A1F4240068B034 /* animation */ = {
			isa = PBXGroup;
			children = (
				E25F8FAF17A1F4240068B034 /* TSPAnimation.cpp */,
				E25F8FB017A1F4240068B034 /* TSPAnimation.h */,
			);
			path = animation;
			sourceTree = "<group>";
		};
		E25F8FB117A1F4240068B034 /* lualoader */ = {
			isa = PBXGroup;
			children = (
				E25F8FB717A1F80D0068B034 /* TSPAnimationLoader.cpp */,
				E25F8FB817A1F80D0068B034 /* TSPAnimationLoader.h */,
			);
			path = lualoader;
			sourceTree = "<group>";
		};
		F456ECB615EE018E00FCF3E2 = {
			isa = PBXGroup;
			children = (
				F4499C7116C7CDE20059FF37 /* quickcocos2dx.xcodeproj */,
				F456ECD515EE018E00FCF3E2 /* tiger */,
				F48E6F76166B264500295A03 /* Resources */,
				F456ECC415EE018E00FCF3E2 /* Frameworks */,
				F456ECC215EE018E00FCF3E2 /* Products */,
			);
			sourceTree = "<group>";
		};
		F456ECC215EE018E00FCF3E2 /* Products */ = {
			isa = PBXGroup;
			children = (
				F456ECC115EE018E00FCF3E2 /* tiger.app */,
			);
			name = Products;
			sourceTree = "<group>";
		};
		F456ECC415EE018E00FCF3E2 /* Frameworks */ = {
			isa = PBXGroup;
			children = (
				F4949C781699553B00DB561E /* AddressBook.framework */,
				F456ECCB15EE018E00FCF3E2 /* AudioToolbox.framework */,
				F456ECCD15EE018E00FCF3E2 /* AVFoundation.framework */,
				F456F0F815EE0CDB00FCF3E2 /* CFNetwork.framework */,
				F456F0FA15EE0CEB00FCF3E2 /* CoreFoundation.framework */,
				F456ECD315EE018E00FCF3E2 /* CoreGraphics.framework */,
				F4949C7A1699554600DB561E /* CoreTelephony.framework */,
				F452BFC41687EEF900DC5BCC /* CoreText.framework */,
				F456ECD115EE018E00FCF3E2 /* Foundation.framework */,
				F456F10415EE0D2D00FCF3E2 /* MobileCoreServices.framework */,
				F456ECC915EE018E00FCF3E2 /* OpenAL.framework */,
				F456ECC715EE018E00FCF3E2 /* OpenGLES.framework */,
				F456ECC515EE018E00FCF3E2 /* QuartzCore.framework */,
				F456F10615EE0D3500FCF3E2 /* Security.framework */,
				F4F40D1A16573CE0007937AD /* StoreKit.framework */,
				F456F0FC15EE0CF600FCF3E2 /* SystemConfiguration.framework */,
				F452BFCF1687F0F200DC5BCC /* UIKit.framework */,
			);
			name = Frameworks;
			sourceTree = "<group>";
		};
		F456ECD515EE018E00FCF3E2 /* tiger */ = {
			isa = PBXGroup;
			children = (
				F4E50FE216CF7B6500AA7E90 /* sources */,
				F4D26BC616C7D0D2004442B6 /* ios */,
			);
			name = tiger;
			path = coinflip;
			sourceTree = "<group>";
		};
		F48ABAD516A057D000A60C5B /* ios */ = {
			isa = PBXGroup;
			children = (
				F4482F1A16A0555000FDDDAD /* Default-568h@2x.png */,
				F4482F1B16A0555000FDDDAD /* Default.png */,
				F4482F1C16A0555000FDDDAD /* Default@2x.png */,
				F4482F1D16A0555000FDDDAD /* Icon-72.png */,
				F4482F1E16A0555000FDDDAD /* Icon.png */,
				F4482F1F16A0555000FDDDAD /* Icon@2x.png */,
				F4482F2016A0555000FDDDAD /* Info.plist */,
			);
			name = ios;
			sourceTree = "<group>";
		};
		F48E6F76166B264500295A03 /* Resources */ = {
			isa = PBXGroup;
			children = (
				F4730C1C16C1509700280298 /* res */,
				F4730C1D16C1509700280298 /* scripts */,
				F48ABAD516A057D000A60C5B /* ios */,
			);
			name = Resources;
			path = coinflip/Resources;
			sourceTree = "<group>";
		};
		F48F590416D21F8C000651BE /* Products */ = {
			isa = PBXGroup;
			children = (
				F48F590816D21F8C000651BE /* libquickcocos2dx.a */,
			);
			name = Products;
			sourceTree = "<group>";
		};
		F4D26BC616C7D0D2004442B6 /* ios */ = {
			isa = PBXGroup;
			children = (
				F4D26BC716C7D0D2004442B6 /* AppController.h */,
				F4D26BC816C7D0D2004442B6 /* AppController.mm */,
				F4D26BC916C7D0D2004442B6 /* main.m */,
				F4D26BCA16C7D0D2004442B6 /* RootViewController.h */,
				F4D26BCB16C7D0D2004442B6 /* RootViewController.mm */,
			);
			path = ios;
			sourceTree = "<group>";
		};
		F4E50FE216CF7B6500AA7E90 /* sources */ = {
			isa = PBXGroup;
			children = (
				E25F8FAE17A1F4240068B034 /* animation */,
				E25F8FB117A1F4240068B034 /* lualoader */,
				E2337F9717A1858B004DDAC7 /* SPArmature */,
				E233800817A1858B004DDAC7 /* tinyxml */,
				F4E50FE316CF7B6500AA7E90 /* AppDelegate.cpp */,
				F4E50FE416CF7B6500AA7E90 /* AppDelegate.h */,
			);
			name = sources;
			path = ../../sources;
			sourceTree = "<group>";
		};
/* End PBXGroup section */

/* Begin PBXNativeTarget section */
		F456ECC015EE018E00FCF3E2 /* tiger */ = {
			isa = PBXNativeTarget;
			buildConfigurationList = F456EFBD15EE019300FCF3E2 /* Build configuration list for PBXNativeTarget "tiger" */;
			buildPhases = (
				F456ECBD15EE018E00FCF3E2 /* Sources */,
				F456ECBE15EE018E00FCF3E2 /* Frameworks */,
				F456ECBF15EE018E00FCF3E2 /* Resources */,
			);
			buildRules = (
			);
			dependencies = (
			);
			name = tiger;
			productName = coinflip;
			productReference = F456ECC115EE018E00FCF3E2 /* tiger.app */;
			productType = "com.apple.product-type.application";
		};
/* End PBXNativeTarget section */

/* Begin PBXProject section */
		F456ECB815EE018E00FCF3E2 /* Project object */ = {
			isa = PBXProject;
			attributes = {
				LastUpgradeCheck = 0440;
			};
			buildConfigurationList = F456ECBB15EE018E00FCF3E2 /* Build configuration list for PBXProject "tiger" */;
			compatibilityVersion = "Xcode 3.2";
			developmentRegion = English;
			hasScannedForEncodings = 0;
			knownRegions = (
				en,
				"zh-Hans",
			);
			mainGroup = F456ECB615EE018E00FCF3E2;
			productRefGroup = F456ECC215EE018E00FCF3E2 /* Products */;
			projectDirPath = "";
			projectReferences = (
				{
					ProductGroup = F48F590416D21F8C000651BE /* Products */;
					ProjectRef = F4499C7116C7CDE20059FF37 /* quickcocos2dx.xcodeproj */;
				},
			);
			projectRoot = "";
			targets = (
				F456ECC015EE018E00FCF3E2 /* tiger */,
			);
		};
/* End PBXProject section */

/* Begin PBXReferenceProxy section */
		F48F590816D21F8C000651BE /* libquickcocos2dx.a */ = {
			isa = PBXReferenceProxy;
			fileType = archive.ar;
			path = libquickcocos2dx.a;
			remoteRef = F48F590716D21F8C000651BE /* PBXContainerItemProxy */;
			sourceTree = BUILT_PRODUCTS_DIR;
		};
/* End PBXReferenceProxy section */

/* Begin PBXResourcesBuildPhase section */
		F456ECBF15EE018E00FCF3E2 /* Resources */ = {
			isa = PBXResourcesBuildPhase;
			buildActionMask = 2147483647;
			files = (
				F4482F2116A0555000FDDDAD /* Default-568h@2x.png in Resources */,
				F4482F2216A0555000FDDDAD /* Default.png in Resources */,
				F4482F2316A0555000FDDDAD /* Default@2x.png in Resources */,
				F4482F2416A0555000FDDDAD /* Icon-72.png in Resources */,
				F4482F2516A0555000FDDDAD /* Icon.png in Resources */,
				F4482F2616A0555000FDDDAD /* Icon@2x.png in Resources */,
				F4730C1E16C1509700280298 /* res in Resources */,
				F4730C1F16C1509700280298 /* scripts in Resources */,
				E233802F17A1858B004DDAC7 /* json_internalarray.inl in Resources */,
				E233803017A1858B004DDAC7 /* json_internalmap.inl in Resources */,
				E233803317A1858B004DDAC7 /* json_valueiterator.inl in Resources */,
				E233803517A1858B004DDAC7 /* sconscript in Resources */,
				E233804217A1858B004DDAC7 /* tinyxml.suo in Resources */,
			);
			runOnlyForDeploymentPostprocessing = 0;
		};
/* End PBXResourcesBuildPhase section */

/* Begin PBXSourcesBuildPhase section */
		F456ECBD15EE018E00FCF3E2 /* Sources */ = {
			isa = PBXSourcesBuildPhase;
			buildActionMask = 2147483647;
			files = (
				F4D26BCC16C7D0D2004442B6 /* AppController.mm in Sources */,
				F4D26BCD16C7D0D2004442B6 /* main.m in Sources */,
				F4D26BCE16C7D0D2004442B6 /* RootViewController.mm in Sources */,
				F4E50FE516CF7B6500AA7E90 /* AppDelegate.cpp in Sources */,
				E233801017A1858B004DDAC7 /* SPAnimation.cpp in Sources */,
				E233801117A1858B004DDAC7 /* SPProcessBase.cpp in Sources */,
				E233801217A1858B004DDAC7 /* SPTween.cpp in Sources */,
				E233801317A1858B004DDAC7 /* SPArmatureDisplayData.cpp in Sources */,
				E233801417A1858B004DDAC7 /* SPDisplayData.cpp in Sources */,
				E233801517A1858B004DDAC7 /* SPParticleDisplayData.cpp in Sources */,
				E233801617A1858B004DDAC7 /* SPShaderDisplayData.cpp in Sources */,
				E233801717A1858B004DDAC7 /* SPSpriteDisplayData.cpp in Sources */,
				E233801817A1858B004DDAC7 /* SPAnimationData.cpp in Sources */,
				E233801917A1858B004DDAC7 /* SPArmatureData.cpp in Sources */,
				E233801A17A1858B004DDAC7 /* SPBoneData.cpp in Sources */,
				E233801B17A1858B004DDAC7 /* SPContourData.cpp in Sources */,
				E233801C17A1858B004DDAC7 /* SPFrameData.cpp in Sources */,
				E233801D17A1858B004DDAC7 /* SPJsonData.cpp in Sources */,
				E233801E17A1858B004DDAC7 /* SPMovementBoneData.cpp in Sources */,
				E233801F17A1858B004DDAC7 /* SPMovementData.cpp in Sources */,
				E233802017A1858B004DDAC7 /* SPMovementFrameData.cpp in Sources */,
				E233802117A1858B004DDAC7 /* SPNode.cpp in Sources */,
				E233802217A1858B004DDAC7 /* SPTextureData.cpp in Sources */,
				E233802317A1858B004DDAC7 /* CCTexture2DMutable.cpp in Sources */,
				E233802417A1858B004DDAC7 /* SPArmatureDisplayFactory.cpp in Sources */,
				E233802517A1858B004DDAC7 /* SPDisplayFactory.cpp in Sources */,
				E233802617A1858B004DDAC7 /* SPDisplayFactoryManager.cpp in Sources */,
				E233802717A1858B004DDAC7 /* SPParticleDisplayFactory.cpp in Sources */,
				E233802817A1858B004DDAC7 /* SPShaderDisplayFactory.cpp in Sources */,
				E233802917A1858B004DDAC7 /* SPSpriteDisplayFactory.cpp in Sources */,
				E233802A17A1858B004DDAC7 /* SPContourPoints.cpp in Sources */,
				E233802B17A1858B004DDAC7 /* SPContourSprite.cpp in Sources */,
				E233802C17A1858B004DDAC7 /* SPDecorativeDisplay.cpp in Sources */,
				E233802D17A1858B004DDAC7 /* SPDisplayManager.cpp in Sources */,
				E233802E17A1858B004DDAC7 /* SPShaderNode.cpp in Sources */,
				E233803117A1858B004DDAC7 /* json_reader.cpp in Sources */,
				E233803217A1858B004DDAC7 /* json_value.cpp in Sources */,
				E233803417A1858B004DDAC7 /* json_writer.cpp in Sources */,
				E233803617A1858B004DDAC7 /* SPContentJsonDictionary.cpp in Sources */,
				E233803717A1858B004DDAC7 /* SPArmature.cpp in Sources */,
				E233803817A1858B004DDAC7 /* SPBone.cpp in Sources */,
				E233803917A1858B004DDAC7 /* SPArmatureDataManager.cpp in Sources */,
				E233803A17A1858B004DDAC7 /* SPBatchNode.cpp in Sources */,
				E233803B17A1858B004DDAC7 /* SPBatchNodeManager.cpp in Sources */,
				E233803C17A1858B004DDAC7 /* SPDataReaderHelper.cpp in Sources */,
				E233803D17A1858B004DDAC7 /* SPTransformHelp.cpp in Sources */,
				E233803E17A1858B004DDAC7 /* SPTweenFunction.cpp in Sources */,
				E233803F17A1858B004DDAC7 /* SPUtilMath.cpp in Sources */,
				E233804017A1858B004DDAC7 /* tinystr.cpp in Sources */,
				E233804117A1858B004DDAC7 /* tinyxml.cpp in Sources */,
				E233804317A1858B004DDAC7 /* tinyxmlerror.cpp in Sources */,
				E233804417A1858B004DDAC7 /* tinyxmlparser.cpp in Sources */,
				E25F8FB417A1F4240068B034 /* TSPAnimation.cpp in Sources */,
				E25F8FB917A1F80D0068B034 /* TSPAnimationLoader.cpp in Sources */,
			);
			runOnlyForDeploymentPostprocessing = 0;
		};
/* End PBXSourcesBuildPhase section */

/* Begin XCBuildConfiguration section */
		F456EFBB15EE019300FCF3E2 /* Debug */ = {
			isa = XCBuildConfiguration;
			buildSettings = {
				ARCHS = armv7;
				"CODE_SIGN_IDENTITY[sdk=iphoneos*]" = "iPhone Developer";
				GCC_C_LANGUAGE_STANDARD = gnu99;
				GCC_OPTIMIZATION_LEVEL = 0;
				GCC_PREPROCESSOR_DEFINITIONS = (
					DEBUG,
					"COCOS2D_DEBUG=1",
					USE_FILE32API,
					TARGET_OS_IPHONE,
					"CC_LUA_ENGINE_ENABLED=1",
				);
				GCC_SYMBOLS_PRIVATE_EXTERN = NO;
				GCC_WARN_ABOUT_RETURN_TYPE = YES;
				GCC_WARN_UNUSED_VARIABLE = YES;
				HEADER_SEARCH_PATHS = (
					"\"$(QUICK_COCOS2DX_ROOT)/lib/cocos2d-x/cocos2dx\"",
					"\"$(QUICK_COCOS2DX_ROOT)/lib/cocos2d-x/cocos2dx/include\"",
					"\"$(QUICK_COCOS2DX_ROOT)/lib/cocos2d-x/cocos2dx/platform\"",
					"\"$(QUICK_COCOS2DX_ROOT)/lib/cocos2d-x/cocos2dx/platform/ios\"",
					"\"$(QUICK_COCOS2DX_ROOT)/lib/cocos2d-x/cocos2dx/platform/third_party/ios\"",
					"\"$(QUICK_COCOS2DX_ROOT)/lib/cocos2d-x/cocos2dx/kazmath/include\"",
					"\"$(QUICK_COCOS2DX_ROOT)/lib/cocos2d-x/CocosDenshion/include\"",
					"\"$(QUICK_COCOS2DX_ROOT)/lib/cocos2d-x/CocosDenshion/ios\"",
					"\"$(QUICK_COCOS2DX_ROOT)/lib/cocos2d-x/extensions\"",
					"\"$(QUICK_COCOS2DX_ROOT)/lib/cocos2d-x/extensions/GUI/CCControlExtension\"",
					"\"$(QUICK_COCOS2DX_ROOT)/lib/cocos2d-x/extensions/GUI/CCEditBox\"",
					"\"$(QUICK_COCOS2DX_ROOT)/lib/cocos2d-x/scripting/lua/cocos2dx_support\"",
					"\"$(QUICK_COCOS2DX_ROOT)/lib/cocos2d-x/scripting/lua/tolua\"",
					"\"$(QUICK_COCOS2DX_ROOT)/lib/cocos2d-x/scripting/lua/luajit/include\"",
					"\"$(QUICK_COCOS2DX_ROOT)/lib/cocos2dx_extensions_luabinding\"",
					"\"$(QUICK_COCOS2DX_ROOT)/lib/cocos2dx_extra/extra\"",
					"\"$(QUICK_COCOS2DX_ROOT)/lib/cocos2dx_extra/extra/luabinding\"",
					"\"$(QUICK_COCOS2DX_ROOT)/lib/lua_extensions\"",
					"\"$(QUICK_COCOS2DX_ROOT)/lib/lua_extensions/cjson\"",
					"\"$(QUICK_COCOS2DX_ROOT)/lib/lua_extensions/zlib\"",
					"\"$(QUICK_COCOS2DX_ROOT)/lib/third_party/chipmunk/include\"",
					"\"$(QUICK_COCOS2DX_ROOT)/lib/third_party/chipmunk/luabinding\"",
					"\"$(QUICK_COCOS2DX_ROOT)/lib/third_party/CSArmature\"",
					"\"$(QUICK_COCOS2DX_ROOT)/lib/third_party\"",
				);
				IPHONEOS_DEPLOYMENT_TARGET = 4.3;
				SDKROOT = iphoneos;
				VALID_ARCHS = armv7;
			};
			name = Debug;
		};
		F456EFBC15EE019300FCF3E2 /* Release */ = {
			isa = XCBuildConfiguration;
			buildSettings = {
				ARCHS = armv7;
				"CODE_SIGN_IDENTITY[sdk=iphoneos*]" = "iPhone Developer";
				GCC_C_LANGUAGE_STANDARD = gnu99;
				GCC_PREPROCESSOR_DEFINITIONS = (
					NDEBUG,
					USE_FILE32API,
					TARGET_OS_IPHONE,
					"CC_LUA_ENGINE_ENABLED=1",
				);
				GCC_WARN_ABOUT_RETURN_TYPE = YES;
				GCC_WARN_UNUSED_VARIABLE = YES;
				HEADER_SEARCH_PATHS = (
					"\"$(QUICK_COCOS2DX_ROOT)/lib/cocos2d-x/cocos2dx\"",
					"\"$(QUICK_COCOS2DX_ROOT)/lib/cocos2d-x/cocos2dx/include\"",
					"\"$(QUICK_COCOS2DX_ROOT)/lib/cocos2d-x/cocos2dx/platform\"",
					"\"$(QUICK_COCOS2DX_ROOT)/lib/cocos2d-x/cocos2dx/platform/ios\"",
					"\"$(QUICK_COCOS2DX_ROOT)/lib/cocos2d-x/cocos2dx/platform/third_party/ios\"",
					"\"$(QUICK_COCOS2DX_ROOT)/lib/cocos2d-x/cocos2dx/kazmath/include\"",
					"\"$(QUICK_COCOS2DX_ROOT)/lib/cocos2d-x/CocosDenshion/include\"",
					"\"$(QUICK_COCOS2DX_ROOT)/lib/cocos2d-x/CocosDenshion/ios\"",
					"\"$(QUICK_COCOS2DX_ROOT)/lib/cocos2d-x/extensions\"",
					"\"$(QUICK_COCOS2DX_ROOT)/lib/cocos2d-x/extensions/GUI/CCControlExtension\"",
					"\"$(QUICK_COCOS2DX_ROOT)/lib/cocos2d-x/extensions/GUI/CCEditBox\"",
					"\"$(QUICK_COCOS2DX_ROOT)/lib/cocos2d-x/scripting/lua/cocos2dx_support\"",
					"\"$(QUICK_COCOS2DX_ROOT)/lib/cocos2d-x/scripting/lua/tolua\"",
					"\"$(QUICK_COCOS2DX_ROOT)/lib/cocos2d-x/scripting/lua/luajit/include\"",
					"\"$(QUICK_COCOS2DX_ROOT)/lib/cocos2dx_extensions_luabinding\"",
					"\"$(QUICK_COCOS2DX_ROOT)/lib/cocos2dx_extra/extra\"",
					"\"$(QUICK_COCOS2DX_ROOT)/lib/cocos2dx_extra/extra/luabinding\"",
					"\"$(QUICK_COCOS2DX_ROOT)/lib/lua_extensions\"",
					"\"$(QUICK_COCOS2DX_ROOT)/lib/lua_extensions/cjson\"",
					"\"$(QUICK_COCOS2DX_ROOT)/lib/lua_extensions/zlib\"",
					"\"$(QUICK_COCOS2DX_ROOT)/lib/third_party/chipmunk/include\"",
					"\"$(QUICK_COCOS2DX_ROOT)/lib/third_party/chipmunk/luabinding\"",
					"\"$(QUICK_COCOS2DX_ROOT)/lib/third_party/CSArmature\"",
					"\"$(QUICK_COCOS2DX_ROOT)/lib/third_party\"",
				);
				IPHONEOS_DEPLOYMENT_TARGET = 4.3;
				OTHER_CFLAGS = "-DNS_BLOCK_ASSERTIONS=1";
				SDKROOT = iphoneos;
				VALID_ARCHS = armv7;
			};
			name = Release;
		};
		F456EFBE15EE019300FCF3E2 /* Debug */ = {
			isa = XCBuildConfiguration;
			buildSettings = {
				ALWAYS_SEARCH_USER_PATHS = NO;
				ARCHS = armv7;
				CLANG_CXX_LANGUAGE_STANDARD = "c++0x";
				CODE_SIGN_IDENTITY = "iPhone Developer";
				"CODE_SIGN_IDENTITY[sdk=iphoneos*]" = "iPhone Developer";
				COPY_PHASE_STRIP = NO;
				FRAMEWORK_SEARCH_PATHS = "$(inherited)";
				GCC_DYNAMIC_NO_PIC = NO;
				GCC_INLINES_ARE_PRIVATE_EXTERN = NO;
				GCC_PRECOMPILE_PREFIX_HEADER = YES;
				GCC_PREFIX_HEADER = coinflip/Prefix.pch;
				GCC_PREPROCESSOR_DEFINITIONS = (
					DEBUG,
					"COCOS2D_DEBUG=1",
					USE_FILE32API,
					CC_TARGET_OS_IPHONE,
					"CC_LUA_ENGINE_ENABLED=1",
				);
				GCC_SYMBOLS_PRIVATE_EXTERN = NO;
				"GCC_THUMB_SUPPORT[arch=armv6]" = "";
				HEADER_SEARCH_PATHS = (
					"\"$(QUICK_COCOS2DX_ROOT)/lib/cocos2d-x/cocos2dx\"",
					"\"$(QUICK_COCOS2DX_ROOT)/lib/cocos2d-x/cocos2dx/include\"",
					"\"$(QUICK_COCOS2DX_ROOT)/lib/cocos2d-x/cocos2dx/platform\"",
					"\"$(QUICK_COCOS2DX_ROOT)/lib/cocos2d-x/cocos2dx/platform/ios\"",
					"\"$(QUICK_COCOS2DX_ROOT)/lib/cocos2d-x/cocos2dx/platform/third_party/ios\"",
					"\"$(QUICK_COCOS2DX_ROOT)/lib/cocos2d-x/cocos2dx/kazmath/include\"",
					"\"$(QUICK_COCOS2DX_ROOT)/lib/cocos2d-x/CocosDenshion/include\"",
					"\"$(QUICK_COCOS2DX_ROOT)/lib/cocos2d-x/CocosDenshion/ios\"",
					"\"$(QUICK_COCOS2DX_ROOT)/lib/cocos2d-x/extensions\"",
					"\"$(QUICK_COCOS2DX_ROOT)/lib/cocos2d-x/extensions/GUI/CCControlExtension\"",
					"\"$(QUICK_COCOS2DX_ROOT)/lib/cocos2d-x/extensions/GUI/CCEditBox\"",
					"\"$(QUICK_COCOS2DX_ROOT)/lib/cocos2d-x/scripting/lua/cocos2dx_support\"",
					"\"$(QUICK_COCOS2DX_ROOT)/lib/cocos2d-x/scripting/lua/tolua\"",
					"\"$(QUICK_COCOS2DX_ROOT)/lib/cocos2d-x/scripting/lua/luajit/include\"",
					"\"$(QUICK_COCOS2DX_ROOT)/lib/cocos2dx_extensions_luabinding\"",
					"\"$(QUICK_COCOS2DX_ROOT)/lib/cocos2dx_extra/extra\"",
					"\"$(QUICK_COCOS2DX_ROOT)/lib/cocos2dx_extra/extra/luabinding\"",
					"\"$(QUICK_COCOS2DX_ROOT)/lib/lua_extensions\"",
					"\"$(QUICK_COCOS2DX_ROOT)/lib/lua_extensions/cjson\"",
					"\"$(QUICK_COCOS2DX_ROOT)/lib/lua_extensions/zlib\"",
					"\"$(QUICK_COCOS2DX_ROOT)/lib/third_party/chipmunk/include\"",
					"\"$(QUICK_COCOS2DX_ROOT)/lib/third_party/chipmunk/luabinding\"",
					"\"$(QUICK_COCOS2DX_ROOT)/lib/third_party/CSArmature\"",
					"\"$(QUICK_COCOS2DX_ROOT)/lib/third_party\"",
				);
				INFOPLIST_FILE = coinflip/Resources/Info.plist;
				IPHONEOS_DEPLOYMENT_TARGET = 5.0;
				LIBRARY_SEARCH_PATHS = (
					"\"$(QUICK_COCOS2DX_ROOT)/lib/cocos2d-x/cocos2dx/platform/third_party/ios/libraries\"",
					"\"$(QUICK_COCOS2DX_ROOT)/lib/luajit2/proj.ios\"",
				);
				OTHER_LDFLAGS = (
					"-lxml2",
					"-lz",
					"-ObjC",
				);
				PRODUCT_NAME = tiger;
				PROVISIONING_PROFILE = "";
				"PROVISIONING_PROFILE[sdk=iphoneos*]" = "";
				TARGETED_DEVICE_FAMILY = "1,2";
				VALID_ARCHS = armv7;
				WRAPPER_EXTENSION = app;
			};
			name = Debug;
		};
		F456EFBF15EE019300FCF3E2 /* Release */ = {
			isa = XCBuildConfiguration;
			buildSettings = {
				ALWAYS_SEARCH_USER_PATHS = NO;
				ARCHS = armv7;
				CLANG_CXX_LANGUAGE_STANDARD = "c++0x";
				CODE_SIGN_IDENTITY = "iPhone Developer";
				"CODE_SIGN_IDENTITY[sdk=iphoneos*]" = "iPhone Developer";
				COPY_PHASE_STRIP = YES;
				FRAMEWORK_SEARCH_PATHS = "$(inherited)";
				GCC_INLINES_ARE_PRIVATE_EXTERN = NO;
				GCC_PRECOMPILE_PREFIX_HEADER = YES;
				GCC_PREFIX_HEADER = coinflip/Prefix.pch;
				GCC_PREPROCESSOR_DEFINITIONS = (
					NDEBUG,
					USE_FILE32API,
					CC_TARGET_OS_IPHONE,
					"CC_LUA_ENGINE_ENABLED=1",
				);
				GCC_SYMBOLS_PRIVATE_EXTERN = NO;
				"GCC_THUMB_SUPPORT[arch=armv6]" = "";
				HEADER_SEARCH_PATHS = (
					"\"$(QUICK_COCOS2DX_ROOT)/lib/cocos2d-x/cocos2dx\"",
					"\"$(QUICK_COCOS2DX_ROOT)/lib/cocos2d-x/cocos2dx/include\"",
					"\"$(QUICK_COCOS2DX_ROOT)/lib/cocos2d-x/cocos2dx/platform\"",
					"\"$(QUICK_COCOS2DX_ROOT)/lib/cocos2d-x/cocos2dx/platform/ios\"",
					"\"$(QUICK_COCOS2DX_ROOT)/lib/cocos2d-x/cocos2dx/platform/third_party/ios\"",
					"\"$(QUICK_COCOS2DX_ROOT)/lib/cocos2d-x/cocos2dx/kazmath/include\"",
					"\"$(QUICK_COCOS2DX_ROOT)/lib/cocos2d-x/CocosDenshion/include\"",
					"\"$(QUICK_COCOS2DX_ROOT)/lib/cocos2d-x/CocosDenshion/ios\"",
					"\"$(QUICK_COCOS2DX_ROOT)/lib/cocos2d-x/extensions\"",
					"\"$(QUICK_COCOS2DX_ROOT)/lib/cocos2d-x/extensions/GUI/CCControlExtension\"",
					"\"$(QUICK_COCOS2DX_ROOT)/lib/cocos2d-x/extensions/GUI/CCEditBox\"",
					"\"$(QUICK_COCOS2DX_ROOT)/lib/cocos2d-x/scripting/lua/cocos2dx_support\"",
					"\"$(QUICK_COCOS2DX_ROOT)/lib/cocos2d-x/scripting/lua/tolua\"",
					"\"$(QUICK_COCOS2DX_ROOT)/lib/cocos2d-x/scripting/lua/luajit/include\"",
					"\"$(QUICK_COCOS2DX_ROOT)/lib/cocos2dx_extensions_luabinding\"",
					"\"$(QUICK_COCOS2DX_ROOT)/lib/cocos2dx_extra/extra\"",
					"\"$(QUICK_COCOS2DX_ROOT)/lib/cocos2dx_extra/extra/luabinding\"",
					"\"$(QUICK_COCOS2DX_ROOT)/lib/lua_extensions\"",
					"\"$(QUICK_COCOS2DX_ROOT)/lib/lua_extensions/cjson\"",
					"\"$(QUICK_COCOS2DX_ROOT)/lib/lua_extensions/zlib\"",
					"\"$(QUICK_COCOS2DX_ROOT)/lib/third_party/chipmunk/include\"",
					"\"$(QUICK_COCOS2DX_ROOT)/lib/third_party/chipmunk/luabinding\"",
					"\"$(QUICK_COCOS2DX_ROOT)/lib/third_party/CSArmature\"",
					"\"$(QUICK_COCOS2DX_ROOT)/lib/third_party\"",
				);
				INFOPLIST_FILE = coinflip/Resources/Info.plist;
				IPHONEOS_DEPLOYMENT_TARGET = 5.0;
				LIBRARY_SEARCH_PATHS = (
					"\"$(QUICK_COCOS2DX_ROOT)/lib/cocos2d-x/cocos2dx/platform/third_party/ios/libraries\"",
					"\"$(QUICK_COCOS2DX_ROOT)/lib/luajit2/proj.ios\"",
				);
				OTHER_LDFLAGS = (
					"-lxml2",
					"-lz",
					"-ObjC",
				);
				PRODUCT_NAME = tiger;
				PROVISIONING_PROFILE = "";
				"PROVISIONING_PROFILE[sdk=iphoneos*]" = "";
				TARGETED_DEVICE_FAMILY = "1,2";
				VALIDATE_PRODUCT = YES;
				VALID_ARCHS = armv7;
				WRAPPER_EXTENSION = app;
			};
			name = Release;
		};
/* End XCBuildConfiguration section */

/* Begin XCConfigurationList section */
		F456ECBB15EE018E00FCF3E2 /* Build configuration list for PBXProject "tiger" */ = {
			isa = XCConfigurationList;
			buildConfigurations = (
				F456EFBB15EE019300FCF3E2 /* Debug */,
				F456EFBC15EE019300FCF3E2 /* Release */,
			);
			defaultConfigurationIsVisible = 0;
			defaultConfigurationName = Release;
		};
		F456EFBD15EE019300FCF3E2 /* Build configuration list for PBXNativeTarget "tiger" */ = {
			isa = XCConfigurationList;
			buildConfigurations = (
				F456EFBE15EE019300FCF3E2 /* Debug */,
				F456EFBF15EE019300FCF3E2 /* Release */,
			);
			defaultConfigurationIsVisible = 0;
			defaultConfigurationName = Release;
		};
/* End XCConfigurationList section */
	};
	rootObject = F456ECB815EE018E00FCF3E2 /* Project object */;
}
